
Microsoft Visual Studio Solution File, Format Version 12.00
# Visual Studio 15
VisualStudioVersion = 15.0.27130.2024
MinimumVisualStudioVersion = 10.0.40219.1
Project("{FAE04EC0-301F-11D3-BF4B-00C04F79EFBC}") = "sccmclictr.automation", "sccmclictr.automation.csproj", "{26DE704F-FE0F-49B5-B295-50030A3219B6}"
EndProject
Global
	GlobalSection(SolutionConfigurationPlatforms) = preSolution
		Debug|Any CPU = Debug|Any CPU
		Release|Any CPU = Release|Any CPU
	EndGlobalSection
	GlobalSection(ProjectConfigurationPlatforms) = postSolution
		{26DE704F-FE0F-49B5-B295-50030A3219B6}.Debug|Any CPU.ActiveCfg = Debug|Any CPU
		{26DE704F-FE0F-49B5-B295-50030A3219B6}.Debug|Any CPU.Build.0 = Debug|Any CPU
		{26DE704F-FE0F-49B5-B295-50030A3219B6}.Release|Any CPU.ActiveCfg = Release|Any CPU
		{26DE704F-FE0F-49B5-B295-50030A3219B6}.Release|Any CPU.Build.0 = Release|Any CPU
	EndGlobalSection
	GlobalSection(SolutionProperties) = preSolution
		HideSolutionNode = FALSE
	EndGlobalSection
	GlobalSection(ExtensibilityGlobals) = postSolution
		SolutionGuid = {4FDB0C05-6890-4EE5-921C-44A854C5EB0D}
	EndGlobalSection
EndGlobal
